
Microsoft Visual Studio Solution File, Format Version 12.00
# Visual Studio 15
VisualStudioVersion = 15.0.26730.12
MinimumVisualStudioVersion = 10.0.40219.1
Project("{FAE04EC0-301F-11D3-BF4B-00C04F79EFBC}") = "ContosoUniversity", "ContosoUniversity\ContosoUniversity.csproj", "{9800DEC4-79B6-48BD-A21B-2A2D0305D7CA}"
EndProject
Global
	GlobalSection(SolutionConfigurationPlatforms) = preSolution
		Debug|Any CPU = Debug|Any CPU
		Release|Any CPU = Release|Any CPU
	EndGlobalSection
	GlobalSection(ProjectConfigurationPlatforms) = postSolution
		{9800DEC4-79B6-48BD-A21B-2A2D0305D7CA}.Debug|Any CPU.ActiveCfg = Debug|Any CPU
		{9800DEC4-79B6-48BD-A21B-2A2D0305D7CA}.Debug|Any CPU.Build.0 = Debug|Any CPU
		{9800DEC4-79B6-48BD-A21B-2A2D0305D7CA}.Release|Any CPU.ActiveCfg = Release|Any CPU
		{9800DEC4-79B6-48BD-A21B-2A2D0305D7CA}.Release|Any CPU.Build.0 = Release|Any CPU
	EndGlobalSection
	GlobalSection(SolutionProperties) = preSolution
		HideSolutionNode = FALSE
	EndGlobalSection
	GlobalSection(ExtensibilityGlobals) = postSolution
		SolutionGuid = {4989910C-6E98-4C4E-9F7F-19B979B135D1}
	EndGlobalSection
EndGlobal
